
Microsoft Visual Studio Solution File, Format Version 12.00
# Visual Studio Version 17
VisualStudioVersion = 17.5.33502.453
MinimumVisualStudioVersion = 10.0.40219.1
Project("{54A90642-561A-4BB1-A94E-469ADEE60C69}") = "angularapp", "angularapp\angularapp.esproj", "{55F7B2F9-A198-439C-B786-15997845FBC4}"
EndProject
Project("{9A19103F-16F7-4668-BE54-9A1E7A4F7556}") = "webapi", "webapi\webapi.csproj", "{463CDB90-2B2A-4548-872C-C94CB9506719}"
EndProject
Global
	GlobalSection(SolutionConfigurationPlatforms) = preSolution
		Debug|Any CPU = Debug|Any CPU
		Release|Any CPU = Release|Any CPU
	EndGlobalSection
	GlobalSection(ProjectConfigurationPlatforms) = postSolution
		{55F7B2F9-A198-439C-B786-15997845FBC4}.Debug|Any CPU.ActiveCfg = Debug|Any CPU
		{55F7B2F9-A198-439C-B786-15997845FBC4}.Debug|Any CPU.Build.0 = Debug|Any CPU
		{55F7B2F9-A198-439C-B786-15997845FBC4}.Debug|Any CPU.Deploy.0 = Debug|Any CPU
		{55F7B2F9-A198-439C-B786-15997845FBC4}.Release|Any CPU.ActiveCfg = Release|Any CPU
		{55F7B2F9-A198-439C-B786-15997845FBC4}.Release|Any CPU.Build.0 = Release|Any CPU
		{55F7B2F9-A198-439C-B786-15997845FBC4}.Release|Any CPU.Deploy.0 = Release|Any CPU
		{463CDB90-2B2A-4548-872C-C94CB9506719}.Debug|Any CPU.ActiveCfg = Debug|Any CPU
		{463CDB90-2B2A-4548-872C-C94CB9506719}.Debug|Any CPU.Build.0 = Debug|Any CPU
		{463CDB90-2B2A-4548-872C-C94CB9506719}.Release|Any CPU.ActiveCfg = Release|Any CPU
		{463CDB90-2B2A-4548-872C-C94CB9506719}.Release|Any CPU.Build.0 = Release|Any CPU
	EndGlobalSection
	GlobalSection(SolutionProperties) = preSolution
		HideSolutionNode = FALSE
	EndGlobalSection
	GlobalSection(ExtensibilityGlobals) = postSolution
		SolutionGuid = {068CADF4-9330-4F48-A55A-1F7CE0AAAE42}
	EndGlobalSection
EndGlobal
